
Microsoft Visual Studio Solution File, Format Version 12.00
# Visual Studio 15
VisualStudioVersion = 15.0.26124.0
MinimumVisualStudioVersion = 15.0.26124.0
Project("{2150E333-8FDC-42A3-9474-1A3956D46DE8}") = "src", "src", "{2CC8D6CE-0198-4924-817C-DA7274C27883}"
EndProject
Project("{FAE04EC0-301F-11D3-BF4B-00C04F79EFBC}") = "Sorteador.Common", "src\Sorteador.Common\Sorteador.Common.csproj", "{41B81F68-38EB-4FF6-95A8-CBE2DE755970}"
EndProject
Project("{FAE04EC0-301F-11D3-BF4B-00C04F79EFBC}") = "Sorteador.Infra", "src\Sorteador.Infra\Sorteador.Infra.csproj", "{FB4CDD9D-1326-4D63-BB08-5CF86473A2C9}"
EndProject
Project("{FAE04EC0-301F-11D3-BF4B-00C04F79EFBC}") = "Sorteador.Domain", "src\Sorteador.Domain\Sorteador.Domain.csproj", "{5AA4C61E-2F2F-4243-B811-35A5497B6C93}"
EndProject
Project("{FAE04EC0-301F-11D3-BF4B-00C04F79EFBC}") = "Sorteador.Application", "src\Sorteador.Application\Sorteador.Application.csproj", "{0867EB11-D0C6-4CE3-9925-191C6F0F7EE9}"
EndProject
Global
	GlobalSection(SolutionConfigurationPlatforms) = preSolution
		Debug|Any CPU = Debug|Any CPU
		Debug|x64 = Debug|x64
		Debug|x86 = Debug|x86
		Release|Any CPU = Release|Any CPU
		Release|x64 = Release|x64
		Release|x86 = Release|x86
	EndGlobalSection
	GlobalSection(SolutionProperties) = preSolution
		HideSolutionNode = FALSE
	EndGlobalSection
	GlobalSection(ProjectConfigurationPlatforms) = postSolution
		{41B81F68-38EB-4FF6-95A8-CBE2DE755970}.Debug|Any CPU.ActiveCfg = Debug|Any CPU
		{41B81F68-38EB-4FF6-95A8-CBE2DE755970}.Debug|Any CPU.Build.0 = Debug|Any CPU
		{41B81F68-38EB-4FF6-95A8-CBE2DE755970}.Debug|x64.ActiveCfg = Debug|Any CPU
		{41B81F68-38EB-4FF6-95A8-CBE2DE755970}.Debug|x64.Build.0 = Debug|Any CPU
		{41B81F68-38EB-4FF6-95A8-CBE2DE755970}.Debug|x86.ActiveCfg = Debug|Any CPU
		{41B81F68-38EB-4FF6-95A8-CBE2DE755970}.Debug|x86.Build.0 = Debug|Any CPU
		{41B81F68-38EB-4FF6-95A8-CBE2DE755970}.Release|Any CPU.ActiveCfg = Release|Any CPU
		{41B81F68-38EB-4FF6-95A8-CBE2DE755970}.Release|Any CPU.Build.0 = Release|Any CPU
		{41B81F68-38EB-4FF6-95A8-CBE2DE755970}.Release|x64.ActiveCfg = Release|Any CPU
		{41B81F68-38EB-4FF6-95A8-CBE2DE755970}.Release|x64.Build.0 = Release|Any CPU
		{41B81F68-38EB-4FF6-95A8-CBE2DE755970}.Release|x86.ActiveCfg = Release|Any CPU
		{41B81F68-38EB-4FF6-95A8-CBE2DE755970}.Release|x86.Build.0 = Release|Any CPU
		{FB4CDD9D-1326-4D63-BB08-5CF86473A2C9}.Debug|Any CPU.ActiveCfg = Debug|Any CPU
		{FB4CDD9D-1326-4D63-BB08-5CF86473A2C9}.Debug|Any CPU.Build.0 = Debug|Any CPU
		{FB4CDD9D-1326-4D63-BB08-5CF86473A2C9}.Debug|x64.ActiveCfg = Debug|Any CPU
		{FB4CDD9D-1326-4D63-BB08-5CF86473A2C9}.Debug|x64.Build.0 = Debug|Any CPU
		{FB4CDD9D-1326-4D63-BB08-5CF86473A2C9}.Debug|x86.ActiveCfg = Debug|Any CPU
		{FB4CDD9D-1326-4D63-BB08-5CF86473A2C9}.Debug|x86.Build.0 = Debug|Any CPU
		{FB4CDD9D-1326-4D63-BB08-5CF86473A2C9}.Release|Any CPU.ActiveCfg = Release|Any CPU
		{FB4CDD9D-1326-4D63-BB08-5CF86473A2C9}.Release|Any CPU.Build.0 = Release|Any CPU
		{FB4CDD9D-1326-4D63-BB08-5CF86473A2C9}.Release|x64.ActiveCfg = Release|Any CPU
		{FB4CDD9D-1326-4D63-BB08-5CF86473A2C9}.Release|x64.Build.0 = Release|Any CPU
		{FB4CDD9D-1326-4D63-BB08-5CF86473A2C9}.Release|x86.ActiveCfg = Release|Any CPU
		{FB4CDD9D-1326-4D63-BB08-5CF86473A2C9}.Release|x86.Build.0 = Release|Any CPU
		{5AA4C61E-2F2F-4243-B811-35A5497B6C93}.Debug|Any CPU.ActiveCfg = Debug|Any CPU
		{5AA4C61E-2F2F-4243-B811-35A5497B6C93}.Debug|Any CPU.Build.0 = Debug|Any CPU
		{5AA4C61E-2F2F-4243-B811-35A5497B6C93}.Debug|x64.ActiveCfg = Debug|Any CPU
		{5AA4C61E-2F2F-4243-B811-35A5497B6C93}.Debug|x64.Build.0 = Debug|Any CPU
		{5AA4C61E-2F2F-4243-B811-35A5497B6C93}.Debug|x86.ActiveCfg = Debug|Any CPU
		{5AA4C61E-2F2F-4243-B811-35A5497B6C93}.Debug|x86.Build.0 = Debug|Any CPU
		{5AA4C61E-2F2F-4243-B811-35A5497B6C93}.Release|Any CPU.ActiveCfg = Release|Any CPU
		{5AA4C61E-2F2F-4243-B811-35A5497B6C93}.Release|Any CPU.Build.0 = Release|Any CPU
		{5AA4C61E-2F2F-4243-B811-35A5497B6C93}.Release|x64.ActiveCfg = Release|Any CPU
		{5AA4C61E-2F2F-4243-B811-35A5497B6C93}.Release|x64.Build.0 = Release|Any CPU
		{5AA4C61E-2F2F-4243-B811-35A5497B6C93}.Release|x86.ActiveCfg = Release|Any CPU
		{5AA4C61E-2F2F-4243-B811-35A5497B6C93}.Release|x86.Build.0 = Release|Any CPU
		{0867EB11-D0C6-4CE3-9925-191C6F0F7EE9}.Debug|Any CPU.ActiveCfg = Debug|Any CPU
		{0867EB11-D0C6-4CE3-9925-191C6F0F7EE9}.Debug|Any CPU.Build.0 = Debug|Any CPU
		{0867EB11-D0C6-4CE3-9925-191C6F0F7EE9}.Debug|x64.ActiveCfg = Debug|Any CPU
		{0867EB11-D0C6-4CE3-9925-191C6F0F7EE9}.Debug|x64.Build.0 = Debug|Any CPU
		{0867EB11-D0C6-4CE3-9925-191C6F0F7EE9}.Debug|x86.ActiveCfg = Debug|Any CPU
		{0867EB11-D0C6-4CE3-9925-191C6F0F7EE9}.Debug|x86.Build.0 = Debug|Any CPU
		{0867EB11-D0C6-4CE3-9925-191C6F0F7EE9}.Release|Any CPU.ActiveCfg = Release|Any CPU
		{0867EB11-D0C6-4CE3-9925-191C6F0F7EE9}.Release|Any CPU.Build.0 = Release|Any CPU
		{0867EB11-D0C6-4CE3-9925-191C6F0F7EE9}.Release|x64.ActiveCfg = Release|Any CPU
		{0867EB11-D0C6-4CE3-9925-191C6F0F7EE9}.Release|x64.Build.0 = Release|Any CPU
		{0867EB11-D0C6-4CE3-9925-191C6F0F7EE9}.Release|x86.ActiveCfg = Release|Any CPU
		{0867EB11-D0C6-4CE3-9925-191C6F0F7EE9}.Release|x86.Build.0 = Release|Any CPU
	EndGlobalSection
	GlobalSection(NestedProjects) = preSolution
		{41B81F68-38EB-4FF6-95A8-CBE2DE755970} = {2CC8D6CE-0198-4924-817C-DA7274C27883}
		{FB4CDD9D-1326-4D63-BB08-5CF86473A2C9} = {2CC8D6CE-0198-4924-817C-DA7274C27883}
		{5AA4C61E-2F2F-4243-B811-35A5497B6C93} = {2CC8D6CE-0198-4924-817C-DA7274C27883}
		{0867EB11-D0C6-4CE3-9925-191C6F0F7EE9} = {2CC8D6CE-0198-4924-817C-DA7274C27883}
	EndGlobalSection
EndGlobal
